
Microsoft Visual Studio Solution File, Format Version 12.00
# Visual Studio Version 16
VisualStudioVersion = 16.0.30611.23
MinimumVisualStudioVersion = 10.0.40219.1
Project("{FAE04EC0-301F-11D3-BF4B-00C04F79EFBC}") = "ThreatsList", "ThreatsList.csproj", "{A608AFA3-FD81-4638-A93C-1C1F510FBBD0}"
EndProject
Global
	GlobalSection(SolutionConfigurationPlatforms) = preSolution
		Debug|Any CPU = Debug|Any CPU
		Release|Any CPU = Release|Any CPU
	EndGlobalSection
	GlobalSection(ProjectConfigurationPlatforms) = postSolution
		{A608AFA3-FD81-4638-A93C-1C1F510FBBD0}.Debug|Any CPU.ActiveCfg = Debug|Any CPU
		{A608AFA3-FD81-4638-A93C-1C1F510FBBD0}.Debug|Any CPU.Build.0 = Debug|Any CPU
		{A608AFA3-FD81-4638-A93C-1C1F510FBBD0}.Release|Any CPU.ActiveCfg = Release|Any CPU
		{A608AFA3-FD81-4638-A93C-1C1F510FBBD0}.Release|Any CPU.Build.0 = Release|Any CPU
	EndGlobalSection
	GlobalSection(SolutionProperties) = preSolution
		HideSolutionNode = FALSE
	EndGlobalSection
	GlobalSection(ExtensibilityGlobals) = postSolution
		SolutionGuid = {7DDC9FF8-CBB5-499A-AB65-4BFB2839E9F4}
	EndGlobalSection
EndGlobal
